
Microsoft Visual Studio Solution File, Format Version 12.00
# Visual Studio Version 17
VisualStudioVersion = 17.9.34902.65
MinimumVisualStudioVersion = 10.0.40219.1
Project("{9A19103F-16F7-4668-BE54-9A1E7A4F7556}") = "BookStoreApp.Blazor.Server.UI", "BookStoreApp.Blazor.Server.UI\BookStoreApp.Blazor.Server.UI.csproj", "{61CB6E57-7230-46EA-A355-9FB0D3B08AC6}"
EndProject
Project("{9A19103F-16F7-4668-BE54-9A1E7A4F7556}") = "BookStoreApp.API", "BookStoreApp.API\BookStoreApp.API.csproj", "{5383FA54-2014-426F-9302-C44E577D2BEE}"
EndProject
Global
	GlobalSection(SolutionConfigurationPlatforms) = preSolution
		Debug|Any CPU = Debug|Any CPU
		Release|Any CPU = Release|Any CPU
	EndGlobalSection
	GlobalSection(ProjectConfigurationPlatforms) = postSolution
		{61CB6E57-7230-46EA-A355-9FB0D3B08AC6}.Debug|Any CPU.ActiveCfg = Debug|Any CPU
		{61CB6E57-7230-46EA-A355-9FB0D3B08AC6}.Debug|Any CPU.Build.0 = Debug|Any CPU
		{61CB6E57-7230-46EA-A355-9FB0D3B08AC6}.Release|Any CPU.ActiveCfg = Release|Any CPU
		{61CB6E57-7230-46EA-A355-9FB0D3B08AC6}.Release|Any CPU.Build.0 = Release|Any CPU
		{5383FA54-2014-426F-9302-C44E577D2BEE}.Debug|Any CPU.ActiveCfg = Debug|Any CPU
		{5383FA54-2014-426F-9302-C44E577D2BEE}.Debug|Any CPU.Build.0 = Debug|Any CPU
		{5383FA54-2014-426F-9302-C44E577D2BEE}.Release|Any CPU.ActiveCfg = Release|Any CPU
		{5383FA54-2014-426F-9302-C44E577D2BEE}.Release|Any CPU.Build.0 = Release|Any CPU
	EndGlobalSection
	GlobalSection(SolutionProperties) = preSolution
		HideSolutionNode = FALSE
	EndGlobalSection
	GlobalSection(ExtensibilityGlobals) = postSolution
		SolutionGuid = {690F36CF-74A2-4FE7-9458-594B06440E10}
	EndGlobalSection
EndGlobal
